
Microsoft Visual Studio Solution File, Format Version 12.00
# Visual Studio Version 16
VisualStudioVersion = 16.0.31205.134
MinimumVisualStudioVersion = 10.0.40219.1
Project("{FAE04EC0-301F-11D3-BF4B-00C04F79EFBC}") = "DTCDental", "DTCDental\DTCDental.csproj", "{8A02A672-D6E3-4FB9-B077-43ABCAFABBED}"
EndProject
Global
	GlobalSection(SolutionConfigurationPlatforms) = preSolution
		Debug|Any CPU = Debug|Any CPU
		Release|Any CPU = Release|Any CPU
	EndGlobalSection
	GlobalSection(ProjectConfigurationPlatforms) = postSolution
		{8A02A672-D6E3-4FB9-B077-43ABCAFABBED}.Debug|Any CPU.ActiveCfg = Debug|Any CPU
		{8A02A672-D6E3-4FB9-B077-43ABCAFABBED}.Debug|Any CPU.Build.0 = Debug|Any CPU
		{8A02A672-D6E3-4FB9-B077-43ABCAFABBED}.Release|Any CPU.ActiveCfg = Release|Any CPU
		{8A02A672-D6E3-4FB9-B077-43ABCAFABBED}.Release|Any CPU.Build.0 = Release|Any CPU
	EndGlobalSection
	GlobalSection(SolutionProperties) = preSolution
		HideSolutionNode = FALSE
	EndGlobalSection
	GlobalSection(ExtensibilityGlobals) = postSolution
		SolutionGuid = {5A0D7ECB-02BC-463A-97B1-2304C9CA3FE6}
	EndGlobalSection
EndGlobal
